
Microsoft Visual Studio Solution File, Format Version 12.00
# Visual Studio 15
Project("{FAE04EC0-301F-11D3-BF4B-00C04F79EFBC}") = "UnityEngine.UI", "UnityEngine.UI.csproj", "{8188CA67-F645-D3C5-EBFC-C70BFB2BEEC7}"
EndProject
Project("{FAE04EC0-301F-11D3-BF4B-00C04F79EFBC}") = "SteamVR", "SteamVR.csproj", "{F57D4265-D8DB-D048-FE3C-1BBF95832521}"
EndProject
Project("{FAE04EC0-301F-11D3-BF4B-00C04F79EFBC}") = "UnityEngine.TestRunner", "UnityEngine.TestRunner.csproj", "{85BA1A93-CB98-7EA3-B53C-09315F394844}"
EndProject
Project("{FAE04EC0-301F-11D3-BF4B-00C04F79EFBC}") = "UnityEngine.XR.LegacyInputHelpers", "UnityEngine.XR.LegacyInputHelpers.csproj", "{6F70A4E9-5259-A25C-3A88-1F4AE060B2CE}"
EndProject
Project("{FAE04EC0-301F-11D3-BF4B-00C04F79EFBC}") = "Unity.Timeline", "Unity.Timeline.csproj", "{01BD08B9-6F3F-AB72-2914-20E2106D5B33}"
EndProject
Project("{FAE04EC0-301F-11D3-BF4B-00C04F79EFBC}") = "Unity.XR.OpenVR", "Unity.XR.OpenVR.csproj", "{3AB02CD4-4D3E-0EEF-EEB8-AFC8DC084BDD}"
EndProject
Project("{FAE04EC0-301F-11D3-BF4B-00C04F79EFBC}") = "Unity.TextMeshPro", "Unity.TextMeshPro.csproj", "{AB32B039-630E-8823-7DB4-C70A38B333D1}"
EndProject
Project("{FAE04EC0-301F-11D3-BF4B-00C04F79EFBC}") = "Unity.XR.Management", "Unity.XR.Management.csproj", "{2F20DAC0-8634-3A3F-548F-6520E86B1674}"
EndProject
Project("{FAE04EC0-301F-11D3-BF4B-00C04F79EFBC}") = "Assembly-CSharp", "Assembly-CSharp.csproj", "{0E68F1E0-64A0-CB98-3FAC-ACE3F0FBA392}"
EndProject
Project("{FAE04EC0-301F-11D3-BF4B-00C04F79EFBC}") = "Unity.Subsystem.Registration", "Unity.Subsystem.Registration.csproj", "{48315221-AA26-2922-68A7-EFC668F4982F}"
EndProject
Project("{FAE04EC0-301F-11D3-BF4B-00C04F79EFBC}") = "UnityEngine.SpatialTracking", "UnityEngine.SpatialTracking.csproj", "{47D7CF3E-B558-5FC3-6275-BD027B567A9B}"
EndProject
Project("{FAE04EC0-301F-11D3-BF4B-00C04F79EFBC}") = "Unity.XR.Management.Editor", "Unity.XR.Management.Editor.csproj", "{50BD7B5C-CFAD-49BA-AD03-D4CC5269DBF1}"
EndProject
Project("{FAE04EC0-301F-11D3-BF4B-00C04F79EFBC}") = "UnityEditor.TestRunner", "UnityEditor.TestRunner.csproj", "{93BDC89C-72B5-A51B-5392-0DDEAAA9274B}"
EndProject
Project("{FAE04EC0-301F-11D3-BF4B-00C04F79EFBC}") = "Unity.PlasticSCM.Editor", "Unity.PlasticSCM.Editor.csproj", "{637D1C57-6C7D-81B5-7F95-FA78BEB99FE7}"
EndProject
Project("{FAE04EC0-301F-11D3-BF4B-00C04F79EFBC}") = "UnityEditor.UI", "UnityEditor.UI.csproj", "{148B5C79-1800-91EE-3615-701EFB039503}"
EndProject
Project("{FAE04EC0-301F-11D3-BF4B-00C04F79EFBC}") = "Unity.Timeline.Editor", "Unity.Timeline.Editor.csproj", "{5DEF1179-528E-F363-A090-5809DDC40C75}"
EndProject
Project("{FAE04EC0-301F-11D3-BF4B-00C04F79EFBC}") = "Unity.VisualStudio.Editor", "Unity.VisualStudio.Editor.csproj", "{E18A68C2-BBED-2175-8B3A-84808792EA0D}"
EndProject
Project("{FAE04EC0-301F-11D3-BF4B-00C04F79EFBC}") = "Unity.TextMeshPro.Editor", "Unity.TextMeshPro.Editor.csproj", "{DF38A4C4-256A-841E-46AC-52B28ED2A4D5}"
EndProject
Project("{FAE04EC0-301F-11D3-BF4B-00C04F79EFBC}") = "Unity.CollabProxy.Editor", "Unity.CollabProxy.Editor.csproj", "{FF333BCE-15AA-83AE-2E51-D264A4023DE2}"
EndProject
Project("{FAE04EC0-301F-11D3-BF4B-00C04F79EFBC}") = "Unity.Rider.Editor", "Unity.Rider.Editor.csproj", "{F7D07D20-B5A1-7427-D6C9-07D9C3D4155B}"
EndProject
Project("{FAE04EC0-301F-11D3-BF4B-00C04F79EFBC}") = "SteamVR_Input_Editor", "SteamVR_Input_Editor.csproj", "{60192A30-249A-52A4-4BD8-8CAA9CB6A5C2}"
EndProject
Project("{FAE04EC0-301F-11D3-BF4B-00C04F79EFBC}") = "UnityEditor.XR.LegacyInputHelpers", "UnityEditor.XR.LegacyInputHelpers.csproj", "{7724F7EF-2778-C13D-0C51-3F7AC2CD736F}"
EndProject
Project("{FAE04EC0-301F-11D3-BF4B-00C04F79EFBC}") = "Unity.SysrootPackage.Editor", "Unity.SysrootPackage.Editor.csproj", "{1C108A5A-ABCC-F459-E499-D2EE8DC09FBA}"
EndProject
Project("{FAE04EC0-301F-11D3-BF4B-00C04F79EFBC}") = "SteamVR_Editor", "SteamVR_Editor.csproj", "{9E5B2511-BB66-0A8F-55AA-2EB3406731EA}"
EndProject
Project("{FAE04EC0-301F-11D3-BF4B-00C04F79EFBC}") = "Unity.VSCode.Editor", "Unity.VSCode.Editor.csproj", "{D56EB1DE-78DD-DEEE-92DA-9C3BAE861639}"
EndProject
Project("{FAE04EC0-301F-11D3-BF4B-00C04F79EFBC}") = "Unity.Toolchain.Win-x86_64-Linux-x86_64", "Unity.Toolchain.Win-x86_64-Linux-x86_64.csproj", "{0C86F5FD-E43D-425C-CC54-82F42DFB5A23}"
EndProject
Project("{FAE04EC0-301F-11D3-BF4B-00C04F79EFBC}") = "UnityEditor.SpatialTracking", "UnityEditor.SpatialTracking.csproj", "{9FCB2DD2-07D7-64C0-497D-4F0941F3A347}"
EndProject
Project("{FAE04EC0-301F-11D3-BF4B-00C04F79EFBC}") = "Unity.XR.OpenVR.Editor", "Unity.XR.OpenVR.Editor.csproj", "{F4C441CA-E601-B6D6-994A-97F371BA6D0E}"
EndProject
Project("{FAE04EC0-301F-11D3-BF4B-00C04F79EFBC}") = "Assembly-CSharp-Editor", "Assembly-CSharp-Editor.csproj", "{6191457C-FFC0-7BEC-5E97-AEB32E925770}"
EndProject
Project("{FAE04EC0-301F-11D3-BF4B-00C04F79EFBC}") = "SteamVR_Windows_EditorHelper", "SteamVR_Windows_EditorHelper.csproj", "{9D8D578C-9E72-B53D-FA70-7632F98F7D59}"
EndProject
Project("{FAE04EC0-301F-11D3-BF4B-00C04F79EFBC}") = "Unity.Sysroot.Linux_x86_64", "Unity.Sysroot.Linux_x86_64.csproj", "{AC722255-8066-94AB-51E7-BF1380356463}"
EndProject
Project("{FAE04EC0-301F-11D3-BF4B-00C04F79EFBC}") = "UnityEngine.UI", "UnityEngine.UI.Player.csproj", "{6F2D16DD-4D85-C312-0A82-C408AEE7A355}"
EndProject
Project("{FAE04EC0-301F-11D3-BF4B-00C04F79EFBC}") = "SteamVR", "SteamVR.Player.csproj", "{BC875EEF-E020-5D73-65AF-C639DE9EF64B}"
EndProject
Project("{FAE04EC0-301F-11D3-BF4B-00C04F79EFBC}") = "UnityEngine.TestRunner", "UnityEngine.TestRunner.Player.csproj", "{9A67AAC1-CC1A-F6C1-1C85-73A0ACC04705}"
EndProject
Project("{FAE04EC0-301F-11D3-BF4B-00C04F79EFBC}") = "UnityEngine.XR.LegacyInputHelpers", "UnityEngine.XR.LegacyInputHelpers.Player.csproj", "{903B97C1-C295-64BD-8791-4EDB897F1B54}"
EndProject
Project("{FAE04EC0-301F-11D3-BF4B-00C04F79EFBC}") = "Unity.Timeline", "Unity.Timeline.Player.csproj", "{33A838C6-9F1C-73D0-DBFF-EF0FDC6850E1}"
EndProject
Project("{FAE04EC0-301F-11D3-BF4B-00C04F79EFBC}") = "Unity.XR.OpenVR", "Unity.XR.OpenVR.Player.csproj", "{A493DE14-DC47-CEA9-AAF3-41F0F198AF40}"
EndProject
Project("{FAE04EC0-301F-11D3-BF4B-00C04F79EFBC}") = "Unity.TextMeshPro", "Unity.TextMeshPro.Player.csproj", "{A071EADE-CDB7-D135-A272-E9EAC5F34931}"
EndProject
Project("{FAE04EC0-301F-11D3-BF4B-00C04F79EFBC}") = "Unity.XR.Management", "Unity.XR.Management.Player.csproj", "{1DB41E19-A1B5-84FB-0D63-F81C1F12EE8D}"
EndProject
Project("{FAE04EC0-301F-11D3-BF4B-00C04F79EFBC}") = "Assembly-CSharp", "Assembly-CSharp.Player.csproj", "{23B5614C-6FEF-8EB1-21AF-715925E5A596}"
EndProject
Project("{FAE04EC0-301F-11D3-BF4B-00C04F79EFBC}") = "Unity.Subsystem.Registration", "Unity.Subsystem.Registration.Player.csproj", "{72834B1E-A3B9-48BB-8CA4-4191AF25C838}"
EndProject
Project("{FAE04EC0-301F-11D3-BF4B-00C04F79EFBC}") = "UnityEngine.SpatialTracking", "UnityEngine.SpatialTracking.Player.csproj", "{E5696C7D-2252-360B-7835-B195881CF46E}"
EndProject
Global
	GlobalSection(SolutionConfigurationPlatforms) = preSolution
		Debug|Any CPU = Debug|Any CPU
		Release|Any CPU = Release|Any CPU
	EndGlobalSection
	GlobalSection(ProjectConfigurationPlatforms) = postSolution
		{8188CA67-F645-D3C5-EBFC-C70BFB2BEEC7}.Debug|Any CPU.ActiveCfg = Debug|Any CPU
		{8188CA67-F645-D3C5-EBFC-C70BFB2BEEC7}.Debug|Any CPU.Build.0 = Debug|Any CPU
		{8188CA67-F645-D3C5-EBFC-C70BFB2BEEC7}.Release|Any CPU.ActiveCfg = Release|Any CPU
		{8188CA67-F645-D3C5-EBFC-C70BFB2BEEC7}.Release|Any CPU.Build.0 = Release|Any CPU
		{F57D4265-D8DB-D048-FE3C-1BBF95832521}.Debug|Any CPU.ActiveCfg = Debug|Any CPU
		{F57D4265-D8DB-D048-FE3C-1BBF95832521}.Debug|Any CPU.Build.0 = Debug|Any CPU
		{F57D4265-D8DB-D048-FE3C-1BBF95832521}.Release|Any CPU.ActiveCfg = Release|Any CPU
		{F57D4265-D8DB-D048-FE3C-1BBF95832521}.Release|Any CPU.Build.0 = Release|Any CPU
		{85BA1A93-CB98-7EA3-B53C-09315F394844}.Debug|Any CPU.ActiveCfg = Debug|Any CPU
		{85BA1A93-CB98-7EA3-B53C-09315F394844}.Debug|Any CPU.Build.0 = Debug|Any CPU
		{85BA1A93-CB98-7EA3-B53C-09315F394844}.Release|Any CPU.ActiveCfg = Release|Any CPU
		{85BA1A93-CB98-7EA3-B53C-09315F394844}.Release|Any CPU.Build.0 = Release|Any CPU
		{6F70A4E9-5259-A25C-3A88-1F4AE060B2CE}.Debug|Any CPU.ActiveCfg = Debug|Any CPU
		{6F70A4E9-5259-A25C-3A88-1F4AE060B2CE}.Debug|Any CPU.Build.0 = Debug|Any CPU
		{6F70A4E9-5259-A25C-3A88-1F4AE060B2CE}.Release|Any CPU.ActiveCfg = Release|Any CPU
		{6F70A4E9-5259-A25C-3A88-1F4AE060B2CE}.Release|Any CPU.Build.0 = Release|Any CPU
		{01BD08B9-6F3F-AB72-2914-20E2106D5B33}.Debug|Any CPU.ActiveCfg = Debug|Any CPU
		{01BD08B9-6F3F-AB72-2914-20E2106D5B33}.Debug|Any CPU.Build.0 = Debug|Any CPU
		{01BD08B9-6F3F-AB72-2914-20E2106D5B33}.Release|Any CPU.ActiveCfg = Release|Any CPU
		{01BD08B9-6F3F-AB72-2914-20E2106D5B33}.Release|Any CPU.Build.0 = Release|Any CPU
		{3AB02CD4-4D3E-0EEF-EEB8-AFC8DC084BDD}.Debug|Any CPU.ActiveCfg = Debug|Any CPU
		{3AB02CD4-4D3E-0EEF-EEB8-AFC8DC084BDD}.Debug|Any CPU.Build.0 = Debug|Any CPU
		{3AB02CD4-4D3E-0EEF-EEB8-AFC8DC084BDD}.Release|Any CPU.ActiveCfg = Release|Any CPU
		{3AB02CD4-4D3E-0EEF-EEB8-AFC8DC084BDD}.Release|Any CPU.Build.0 = Release|Any CPU
		{AB32B039-630E-8823-7DB4-C70A38B333D1}.Debug|Any CPU.ActiveCfg = Debug|Any CPU
		{AB32B039-630E-8823-7DB4-C70A38B333D1}.Debug|Any CPU.Build.0 = Debug|Any CPU
		{AB32B039-630E-8823-7DB4-C70A38B333D1}.Release|Any CPU.ActiveCfg = Release|Any CPU
		{AB32B039-630E-8823-7DB4-C70A38B333D1}.Release|Any CPU.Build.0 = Release|Any CPU
		{2F20DAC0-8634-3A3F-548F-6520E86B1674}.Debug|Any CPU.ActiveCfg = Debug|Any CPU
		{2F20DAC0-8634-3A3F-548F-6520E86B1674}.Debug|Any CPU.Build.0 = Debug|Any CPU
		{2F20DAC0-8634-3A3F-548F-6520E86B1674}.Release|Any CPU.ActiveCfg = Release|Any CPU
		{2F20DAC0-8634-3A3F-548F-6520E86B1674}.Release|Any CPU.Build.0 = Release|Any CPU
		{0E68F1E0-64A0-CB98-3FAC-ACE3F0FBA392}.Debug|Any CPU.ActiveCfg = Debug|Any CPU
		{0E68F1E0-64A0-CB98-3FAC-ACE3F0FBA392}.Debug|Any CPU.Build.0 = Debug|Any CPU
		{0E68F1E0-64A0-CB98-3FAC-ACE3F0FBA392}.Release|Any CPU.ActiveCfg = Release|Any CPU
		{0E68F1E0-64A0-CB98-3FAC-ACE3F0FBA392}.Release|Any CPU.Build.0 = Release|Any CPU
		{48315221-AA26-2922-68A7-EFC668F4982F}.Debug|Any CPU.ActiveCfg = Debug|Any CPU
		{48315221-AA26-2922-68A7-EFC668F4982F}.Debug|Any CPU.Build.0 = Debug|Any CPU
		{48315221-AA26-2922-68A7-EFC668F4982F}.Release|Any CPU.ActiveCfg = Release|Any CPU
		{48315221-AA26-2922-68A7-EFC668F4982F}.Release|Any CPU.Build.0 = Release|Any CPU
		{47D7CF3E-B558-5FC3-6275-BD027B567A9B}.Debug|Any CPU.ActiveCfg = Debug|Any CPU
		{47D7CF3E-B558-5FC3-6275-BD027B567A9B}.Debug|Any CPU.Build.0 = Debug|Any CPU
		{47D7CF3E-B558-5FC3-6275-BD027B567A9B}.Release|Any CPU.ActiveCfg = Release|Any CPU
		{47D7CF3E-B558-5FC3-6275-BD027B567A9B}.Release|Any CPU.Build.0 = Release|Any CPU
		{50BD7B5C-CFAD-49BA-AD03-D4CC5269DBF1}.Debug|Any CPU.ActiveCfg = Debug|Any CPU
		{50BD7B5C-CFAD-49BA-AD03-D4CC5269DBF1}.Debug|Any CPU.Build.0 = Debug|Any CPU
		{50BD7B5C-CFAD-49BA-AD03-D4CC5269DBF1}.Release|Any CPU.ActiveCfg = Release|Any CPU
		{50BD7B5C-CFAD-49BA-AD03-D4CC5269DBF1}.Release|Any CPU.Build.0 = Release|Any CPU
		{93BDC89C-72B5-A51B-5392-0DDEAAA9274B}.Debug|Any CPU.ActiveCfg = Debug|Any CPU
		{93BDC89C-72B5-A51B-5392-0DDEAAA9274B}.Debug|Any CPU.Build.0 = Debug|Any CPU
		{93BDC89C-72B5-A51B-5392-0DDEAAA9274B}.Release|Any CPU.ActiveCfg = Release|Any CPU
		{93BDC89C-72B5-A51B-5392-0DDEAAA9274B}.Release|Any CPU.Build.0 = Release|Any CPU
		{637D1C57-6C7D-81B5-7F95-FA78BEB99FE7}.Debug|Any CPU.ActiveCfg = Debug|Any CPU
		{637D1C57-6C7D-81B5-7F95-FA78BEB99FE7}.Debug|Any CPU.Build.0 = Debug|Any CPU
		{637D1C57-6C7D-81B5-7F95-FA78BEB99FE7}.Release|Any CPU.ActiveCfg = Release|Any CPU
		{637D1C57-6C7D-81B5-7F95-FA78BEB99FE7}.Release|Any CPU.Build.0 = Release|Any CPU
		{148B5C79-1800-91EE-3615-701EFB039503}.Debug|Any CPU.ActiveCfg = Debug|Any CPU
		{148B5C79-1800-91EE-3615-701EFB039503}.Debug|Any CPU.Build.0 = Debug|Any CPU
		{148B5C79-1800-91EE-3615-701EFB039503}.Release|Any CPU.ActiveCfg = Release|Any CPU
		{148B5C79-1800-91EE-3615-701EFB039503}.Release|Any CPU.Build.0 = Release|Any CPU
		{5DEF1179-528E-F363-A090-5809DDC40C75}.Debug|Any CPU.ActiveCfg = Debug|Any CPU
		{5DEF1179-528E-F363-A090-5809DDC40C75}.Debug|Any CPU.Build.0 = Debug|Any CPU
		{5DEF1179-528E-F363-A090-5809DDC40C75}.Release|Any CPU.ActiveCfg = Release|Any CPU
		{5DEF1179-528E-F363-A090-5809DDC40C75}.Release|Any CPU.Build.0 = Release|Any CPU
		{E18A68C2-BBED-2175-8B3A-84808792EA0D}.Debug|Any CPU.ActiveCfg = Debug|Any CPU
		{E18A68C2-BBED-2175-8B3A-84808792EA0D}.Debug|Any CPU.Build.0 = Debug|Any CPU
		{E18A68C2-BBED-2175-8B3A-84808792EA0D}.Release|Any CPU.ActiveCfg = Release|Any CPU
		{E18A68C2-BBED-2175-8B3A-84808792EA0D}.Release|Any CPU.Build.0 = Release|Any CPU
		{DF38A4C4-256A-841E-46AC-52B28ED2A4D5}.Debug|Any CPU.ActiveCfg = Debug|Any CPU
		{DF38A4C4-256A-841E-46AC-52B28ED2A4D5}.Debug|Any CPU.Build.0 = Debug|Any CPU
		{DF38A4C4-256A-841E-46AC-52B28ED2A4D5}.Release|Any CPU.ActiveCfg = Release|Any CPU
		{DF38A4C4-256A-841E-46AC-52B28ED2A4D5}.Release|Any CPU.Build.0 = Release|Any CPU
		{FF333BCE-15AA-83AE-2E51-D264A4023DE2}.Debug|Any CPU.ActiveCfg = Debug|Any CPU
		{FF333BCE-15AA-83AE-2E51-D264A4023DE2}.Debug|Any CPU.Build.0 = Debug|Any CPU
		{FF333BCE-15AA-83AE-2E51-D264A4023DE2}.Release|Any CPU.ActiveCfg = Release|Any CPU
		{FF333BCE-15AA-83AE-2E51-D264A4023DE2}.Release|Any CPU.Build.0 = Release|Any CPU
		{F7D07D20-B5A1-7427-D6C9-07D9C3D4155B}.Debug|Any CPU.ActiveCfg = Debug|Any CPU
		{F7D07D20-B5A1-7427-D6C9-07D9C3D4155B}.Debug|Any CPU.Build.0 = Debug|Any CPU
		{F7D07D20-B5A1-7427-D6C9-07D9C3D4155B}.Release|Any CPU.ActiveCfg = Release|Any CPU
		{F7D07D20-B5A1-7427-D6C9-07D9C3D4155B}.Release|Any CPU.Build.0 = Release|Any CPU
		{60192A30-249A-52A4-4BD8-8CAA9CB6A5C2}.Debug|Any CPU.ActiveCfg = Debug|Any CPU
		{60192A30-249A-52A4-4BD8-8CAA9CB6A5C2}.Debug|Any CPU.Build.0 = Debug|Any CPU
		{60192A30-249A-52A4-4BD8-8CAA9CB6A5C2}.Release|Any CPU.ActiveCfg = Release|Any CPU
		{60192A30-249A-52A4-4BD8-8CAA9CB6A5C2}.Release|Any CPU.Build.0 = Release|Any CPU
		{7724F7EF-2778-C13D-0C51-3F7AC2CD736F}.Debug|Any CPU.ActiveCfg = Debug|Any CPU
		{7724F7EF-2778-C13D-0C51-3F7AC2CD736F}.Debug|Any CPU.Build.0 = Debug|Any CPU
		{7724F7EF-2778-C13D-0C51-3F7AC2CD736F}.Release|Any CPU.ActiveCfg = Release|Any CPU
		{7724F7EF-2778-C13D-0C51-3F7AC2CD736F}.Release|Any CPU.Build.0 = Release|Any CPU
		{1C108A5A-ABCC-F459-E499-D2EE8DC09FBA}.Debug|Any CPU.ActiveCfg = Debug|Any CPU
		{1C108A5A-ABCC-F459-E499-D2EE8DC09FBA}.Debug|Any CPU.Build.0 = Debug|Any CPU
		{1C108A5A-ABCC-F459-E499-D2EE8DC09FBA}.Release|Any CPU.ActiveCfg = Release|Any CPU
		{1C108A5A-ABCC-F459-E499-D2EE8DC09FBA}.Release|Any CPU.Build.0 = Release|Any CPU
		{9E5B2511-BB66-0A8F-55AA-2EB3406731EA}.Debug|Any CPU.ActiveCfg = Debug|Any CPU
		{9E5B2511-BB66-0A8F-55AA-2EB3406731EA}.Debug|Any CPU.Build.0 = Debug|Any CPU
		{9E5B2511-BB66-0A8F-55AA-2EB3406731EA}.Release|Any CPU.ActiveCfg = Release|Any CPU
		{9E5B2511-BB66-0A8F-55AA-2EB3406731EA}.Release|Any CPU.Build.0 = Release|Any CPU
		{D56EB1DE-78DD-DEEE-92DA-9C3BAE861639}.Debug|Any CPU.ActiveCfg = Debug|Any CPU
		{D56EB1DE-78DD-DEEE-92DA-9C3BAE861639}.Debug|Any CPU.Build.0 = Debug|Any CPU
		{D56EB1DE-78DD-DEEE-92DA-9C3BAE861639}.Release|Any CPU.ActiveCfg = Release|Any CPU
		{D56EB1DE-78DD-DEEE-92DA-9C3BAE861639}.Release|Any CPU.Build.0 = Release|Any CPU
		{0C86F5FD-E43D-425C-CC54-82F42DFB5A23}.Debug|Any CPU.ActiveCfg = Debug|Any CPU
		{0C86F5FD-E43D-425C-CC54-82F42DFB5A23}.Debug|Any CPU.Build.0 = Debug|Any CPU
		{0C86F5FD-E43D-425C-CC54-82F42DFB5A23}.Release|Any CPU.ActiveCfg = Release|Any CPU
		{0C86F5FD-E43D-425C-CC54-82F42DFB5A23}.Release|Any CPU.Build.0 = Release|Any CPU
		{9FCB2DD2-07D7-64C0-497D-4F0941F3A347}.Debug|Any CPU.ActiveCfg = Debug|Any CPU
		{9FCB2DD2-07D7-64C0-497D-4F0941F3A347}.Debug|Any CPU.Build.0 = Debug|Any CPU
		{9FCB2DD2-07D7-64C0-497D-4F0941F3A347}.Release|Any CPU.ActiveCfg = Release|Any CPU
		{9FCB2DD2-07D7-64C0-497D-4F0941F3A347}.Release|Any CPU.Build.0 = Release|Any CPU
		{F4C441CA-E601-B6D6-994A-97F371BA6D0E}.Debug|Any CPU.ActiveCfg = Debug|Any CPU
		{F4C441CA-E601-B6D6-994A-97F371BA6D0E}.Debug|Any CPU.Build.0 = Debug|Any CPU
		{F4C441CA-E601-B6D6-994A-97F371BA6D0E}.Release|Any CPU.ActiveCfg = Release|Any CPU
		{F4C441CA-E601-B6D6-994A-97F371BA6D0E}.Release|Any CPU.Build.0 = Release|Any CPU
		{6191457C-FFC0-7BEC-5E97-AEB32E925770}.Debug|Any CPU.ActiveCfg = Debug|Any CPU
		{6191457C-FFC0-7BEC-5E97-AEB32E925770}.Debug|Any CPU.Build.0 = Debug|Any CPU
		{6191457C-FFC0-7BEC-5E97-AEB32E925770}.Release|Any CPU.ActiveCfg = Release|Any CPU
		{6191457C-FFC0-7BEC-5E97-AEB32E925770}.Release|Any CPU.Build.0 = Release|Any CPU
		{9D8D578C-9E72-B53D-FA70-7632F98F7D59}.Debug|Any CPU.ActiveCfg = Debug|Any CPU
		{9D8D578C-9E72-B53D-FA70-7632F98F7D59}.Debug|Any CPU.Build.0 = Debug|Any CPU
		{9D8D578C-9E72-B53D-FA70-7632F98F7D59}.Release|Any CPU.ActiveCfg = Release|Any CPU
		{9D8D578C-9E72-B53D-FA70-7632F98F7D59}.Release|Any CPU.Build.0 = Release|Any CPU
		{AC722255-8066-94AB-51E7-BF1380356463}.Debug|Any CPU.ActiveCfg = Debug|Any CPU
		{AC722255-8066-94AB-51E7-BF1380356463}.Debug|Any CPU.Build.0 = Debug|Any CPU
		{AC722255-8066-94AB-51E7-BF1380356463}.Release|Any CPU.ActiveCfg = Release|Any CPU
		{AC722255-8066-94AB-51E7-BF1380356463}.Release|Any CPU.Build.0 = Release|Any CPU
		{6F2D16DD-4D85-C312-0A82-C408AEE7A355}.Debug|Any CPU.ActiveCfg = Debug|Any CPU
		{6F2D16DD-4D85-C312-0A82-C408AEE7A355}.Debug|Any CPU.Build.0 = Debug|Any CPU
		{6F2D16DD-4D85-C312-0A82-C408AEE7A355}.Release|Any CPU.ActiveCfg = Release|Any CPU
		{6F2D16DD-4D85-C312-0A82-C408AEE7A355}.Release|Any CPU.Build.0 = Release|Any CPU
		{BC875EEF-E020-5D73-65AF-C639DE9EF64B}.Debug|Any CPU.ActiveCfg = Debug|Any CPU
		{BC875EEF-E020-5D73-65AF-C639DE9EF64B}.Debug|Any CPU.Build.0 = Debug|Any CPU
		{BC875EEF-E020-5D73-65AF-C639DE9EF64B}.Release|Any CPU.ActiveCfg = Release|Any CPU
		{BC875EEF-E020-5D73-65AF-C639DE9EF64B}.Release|Any CPU.Build.0 = Release|Any CPU
		{9A67AAC1-CC1A-F6C1-1C85-73A0ACC04705}.Debug|Any CPU.ActiveCfg = Debug|Any CPU
		{9A67AAC1-CC1A-F6C1-1C85-73A0ACC04705}.Debug|Any CPU.Build.0 = Debug|Any CPU
		{9A67AAC1-CC1A-F6C1-1C85-73A0ACC04705}.Release|Any CPU.ActiveCfg = Release|Any CPU
		{9A67AAC1-CC1A-F6C1-1C85-73A0ACC04705}.Release|Any CPU.Build.0 = Release|Any CPU
		{903B97C1-C295-64BD-8791-4EDB897F1B54}.Debug|Any CPU.ActiveCfg = Debug|Any CPU
		{903B97C1-C295-64BD-8791-4EDB897F1B54}.Debug|Any CPU.Build.0 = Debug|Any CPU
		{903B97C1-C295-64BD-8791-4EDB897F1B54}.Release|Any CPU.ActiveCfg = Release|Any CPU
		{903B97C1-C295-64BD-8791-4EDB897F1B54}.Release|Any CPU.Build.0 = Release|Any CPU
		{33A838C6-9F1C-73D0-DBFF-EF0FDC6850E1}.Debug|Any CPU.ActiveCfg = Debug|Any CPU
		{33A838C6-9F1C-73D0-DBFF-EF0FDC6850E1}.Debug|Any CPU.Build.0 = Debug|Any CPU
		{33A838C6-9F1C-73D0-DBFF-EF0FDC6850E1}.Release|Any CPU.ActiveCfg = Release|Any CPU
		{33A838C6-9F1C-73D0-DBFF-EF0FDC6850E1}.Release|Any CPU.Build.0 = Release|Any CPU
		{A493DE14-DC47-CEA9-AAF3-41F0F198AF40}.Debug|Any CPU.ActiveCfg = Debug|Any CPU
		{A493DE14-DC47-CEA9-AAF3-41F0F198AF40}.Debug|Any CPU.Build.0 = Debug|Any CPU
		{A493DE14-DC47-CEA9-AAF3-41F0F198AF40}.Release|Any CPU.ActiveCfg = Release|Any CPU
		{A493DE14-DC47-CEA9-AAF3-41F0F198AF40}.Release|Any CPU.Build.0 = Release|Any CPU
		{A071EADE-CDB7-D135-A272-E9EAC5F34931}.Debug|Any CPU.ActiveCfg = Debug|Any CPU
		{A071EADE-CDB7-D135-A272-E9EAC5F34931}.Debug|Any CPU.Build.0 = Debug|Any CPU
		{A071EADE-CDB7-D135-A272-E9EAC5F34931}.Release|Any CPU.ActiveCfg = Release|Any CPU
		{A071EADE-CDB7-D135-A272-E9EAC5F34931}.Release|Any CPU.Build.0 = Release|Any CPU
		{1DB41E19-A1B5-84FB-0D63-F81C1F12EE8D}.Debug|Any CPU.ActiveCfg = Debug|Any CPU
		{1DB41E19-A1B5-84FB-0D63-F81C1F12EE8D}.Debug|Any CPU.Build.0 = Debug|Any CPU
		{1DB41E19-A1B5-84FB-0D63-F81C1F12EE8D}.Release|Any CPU.ActiveCfg = Release|Any CPU
		{1DB41E19-A1B5-84FB-0D63-F81C1F12EE8D}.Release|Any CPU.Build.0 = Release|Any CPU
		{23B5614C-6FEF-8EB1-21AF-715925E5A596}.Debug|Any CPU.ActiveCfg = Debug|Any CPU
		{23B5614C-6FEF-8EB1-21AF-715925E5A596}.Debug|Any CPU.Build.0 = Debug|Any CPU
		{23B5614C-6FEF-8EB1-21AF-715925E5A596}.Release|Any CPU.ActiveCfg = Release|Any CPU
		{23B5614C-6FEF-8EB1-21AF-715925E5A596}.Release|Any CPU.Build.0 = Release|Any CPU
		{72834B1E-A3B9-48BB-8CA4-4191AF25C838}.Debug|Any CPU.ActiveCfg = Debug|Any CPU
		{72834B1E-A3B9-48BB-8CA4-4191AF25C838}.Debug|Any CPU.Build.0 = Debug|Any CPU
		{72834B1E-A3B9-48BB-8CA4-4191AF25C838}.Release|Any CPU.ActiveCfg = Release|Any CPU
		{72834B1E-A3B9-48BB-8CA4-4191AF25C838}.Release|Any CPU.Build.0 = Release|Any CPU
		{E5696C7D-2252-360B-7835-B195881CF46E}.Debug|Any CPU.ActiveCfg = Debug|Any CPU
		{E5696C7D-2252-360B-7835-B195881CF46E}.Debug|Any CPU.Build.0 = Debug|Any CPU
		{E5696C7D-2252-360B-7835-B195881CF46E}.Release|Any CPU.ActiveCfg = Release|Any CPU
		{E5696C7D-2252-360B-7835-B195881CF46E}.Release|Any CPU.Build.0 = Release|Any CPU
	EndGlobalSection
	GlobalSection(SolutionProperties) = preSolution
		HideSolutionNode = FALSE
	EndGlobalSection
EndGlobal
