
Microsoft Visual Studio Solution File, Format Version 12.00
# Visual Studio 15
Project("{FAE04EC0-301F-11D3-BF4B-00C04F79EFBC}") = "UnityEngine.TestRunner", "UnityEngine.TestRunner.csproj", "{D99D19D9-8615-A09E-4D16-957004A37FDE}"
EndProject
Project("{FAE04EC0-301F-11D3-BF4B-00C04F79EFBC}") = "UnityEngine.UI", "UnityEngine.UI.csproj", "{FF30D386-64BF-88C1-E3E7-844C459A69E2}"
EndProject
Project("{FAE04EC0-301F-11D3-BF4B-00C04F79EFBC}") = "Unity.Timeline", "Unity.Timeline.csproj", "{ADB1E673-7434-059B-1266-736E8F06D7B5}"
EndProject
Project("{FAE04EC0-301F-11D3-BF4B-00C04F79EFBC}") = "Unity.TextMeshPro", "Unity.TextMeshPro.csproj", "{0EF03CFC-8EFA-F356-D3B4-F714AC5FE6B6}"
EndProject
Project("{FAE04EC0-301F-11D3-BF4B-00C04F79EFBC}") = "Assembly-CSharp", "Assembly-CSharp.csproj", "{E2361A4B-EEA3-17C6-6EB4-4DCA10FEB8B6}"
EndProject
Project("{FAE04EC0-301F-11D3-BF4B-00C04F79EFBC}") = "UnityEditor.TestRunner", "UnityEditor.TestRunner.csproj", "{DDD0F181-4360-DB8D-F7B0-9D39F11BC702}"
EndProject
Project("{FAE04EC0-301F-11D3-BF4B-00C04F79EFBC}") = "Unity.PlasticSCM.Editor", "Unity.PlasticSCM.Editor.csproj", "{885ACF79-8A1B-8CA7-7A81-82C5BD2158C5}"
EndProject
Project("{FAE04EC0-301F-11D3-BF4B-00C04F79EFBC}") = "UnityEditor.UI", "UnityEditor.UI.csproj", "{431F3047-888A-01AC-D0B7-9D440A36F047}"
EndProject
Project("{FAE04EC0-301F-11D3-BF4B-00C04F79EFBC}") = "Unity.Timeline.Editor", "Unity.Timeline.Editor.csproj", "{6BCAFECD-5E80-64B4-1DFD-A685E045DF99}"
EndProject
Project("{FAE04EC0-301F-11D3-BF4B-00C04F79EFBC}") = "Unity.VisualStudio.Editor", "Unity.VisualStudio.Editor.csproj", "{122F823F-B661-9839-3588-6DA3FB3C3762}"
EndProject
Project("{FAE04EC0-301F-11D3-BF4B-00C04F79EFBC}") = "Unity.TextMeshPro.Editor", "Unity.TextMeshPro.Editor.csproj", "{A398895D-EEDB-25E8-3434-DEC348A0B62B}"
EndProject
Project("{FAE04EC0-301F-11D3-BF4B-00C04F79EFBC}") = "Unity.CollabProxy.Editor", "Unity.CollabProxy.Editor.csproj", "{F00CA717-07AE-4DF5-1286-CBD4F39DCD58}"
EndProject
Project("{FAE04EC0-301F-11D3-BF4B-00C04F79EFBC}") = "Unity.Rider.Editor", "Unity.Rider.Editor.csproj", "{541EC074-499C-4387-D602-1DB263195908}"
EndProject
Project("{FAE04EC0-301F-11D3-BF4B-00C04F79EFBC}") = "Unity.VSCode.Editor", "Unity.VSCode.Editor.csproj", "{E0CF6A98-C93F-42F8-79F3-32016F496B03}"
EndProject
Project("{FAE04EC0-301F-11D3-BF4B-00C04F79EFBC}") = "Assembly-CSharp-Editor", "Assembly-CSharp-Editor.csproj", "{58E72F26-BF80-8DDA-6BBD-AA9AACC2F584}"
EndProject
Project("{FAE04EC0-301F-11D3-BF4B-00C04F79EFBC}") = "UnityEngine.TestRunner", "UnityEngine.TestRunner.Player.csproj", "{E93D2022-7710-1CF5-7AA0-DEA61207A2F3}"
EndProject
Project("{FAE04EC0-301F-11D3-BF4B-00C04F79EFBC}") = "UnityEngine.UI", "UnityEngine.UI.Player.csproj", "{E9AE1897-B92A-3A48-DB31-C7B3102D787E}"
EndProject
Project("{FAE04EC0-301F-11D3-BF4B-00C04F79EFBC}") = "Unity.Timeline", "Unity.Timeline.Player.csproj", "{25CA8101-37B7-D1E1-20A5-8A9103524F2E}"
EndProject
Project("{FAE04EC0-301F-11D3-BF4B-00C04F79EFBC}") = "Unity.TextMeshPro", "Unity.TextMeshPro.Player.csproj", "{0C35F66F-EA73-1AB7-F307-559FB4AECDD4}"
EndProject
Project("{FAE04EC0-301F-11D3-BF4B-00C04F79EFBC}") = "Assembly-CSharp", "Assembly-CSharp.Player.csproj", "{C6DB2463-A913-803A-3D3B-23BAF49B478A}"
EndProject
Global
	GlobalSection(SolutionConfigurationPlatforms) = preSolution
		Debug|Any CPU = Debug|Any CPU
		Release|Any CPU = Release|Any CPU
	EndGlobalSection
	GlobalSection(ProjectConfigurationPlatforms) = postSolution
		{D99D19D9-8615-A09E-4D16-957004A37FDE}.Debug|Any CPU.ActiveCfg = Debug|Any CPU
		{D99D19D9-8615-A09E-4D16-957004A37FDE}.Debug|Any CPU.Build.0 = Debug|Any CPU
		{D99D19D9-8615-A09E-4D16-957004A37FDE}.Release|Any CPU.ActiveCfg = Release|Any CPU
		{D99D19D9-8615-A09E-4D16-957004A37FDE}.Release|Any CPU.Build.0 = Release|Any CPU
		{FF30D386-64BF-88C1-E3E7-844C459A69E2}.Debug|Any CPU.ActiveCfg = Debug|Any CPU
		{FF30D386-64BF-88C1-E3E7-844C459A69E2}.Debug|Any CPU.Build.0 = Debug|Any CPU
		{FF30D386-64BF-88C1-E3E7-844C459A69E2}.Release|Any CPU.ActiveCfg = Release|Any CPU
		{FF30D386-64BF-88C1-E3E7-844C459A69E2}.Release|Any CPU.Build.0 = Release|Any CPU
		{ADB1E673-7434-059B-1266-736E8F06D7B5}.Debug|Any CPU.ActiveCfg = Debug|Any CPU
		{ADB1E673-7434-059B-1266-736E8F06D7B5}.Debug|Any CPU.Build.0 = Debug|Any CPU
		{ADB1E673-7434-059B-1266-736E8F06D7B5}.Release|Any CPU.ActiveCfg = Release|Any CPU
		{ADB1E673-7434-059B-1266-736E8F06D7B5}.Release|Any CPU.Build.0 = Release|Any CPU
		{0EF03CFC-8EFA-F356-D3B4-F714AC5FE6B6}.Debug|Any CPU.ActiveCfg = Debug|Any CPU
		{0EF03CFC-8EFA-F356-D3B4-F714AC5FE6B6}.Debug|Any CPU.Build.0 = Debug|Any CPU
		{0EF03CFC-8EFA-F356-D3B4-F714AC5FE6B6}.Release|Any CPU.ActiveCfg = Release|Any CPU
		{0EF03CFC-8EFA-F356-D3B4-F714AC5FE6B6}.Release|Any CPU.Build.0 = Release|Any CPU
		{E2361A4B-EEA3-17C6-6EB4-4DCA10FEB8B6}.Debug|Any CPU.ActiveCfg = Debug|Any CPU
		{E2361A4B-EEA3-17C6-6EB4-4DCA10FEB8B6}.Debug|Any CPU.Build.0 = Debug|Any CPU
		{E2361A4B-EEA3-17C6-6EB4-4DCA10FEB8B6}.Release|Any CPU.ActiveCfg = Release|Any CPU
		{E2361A4B-EEA3-17C6-6EB4-4DCA10FEB8B6}.Release|Any CPU.Build.0 = Release|Any CPU
		{DDD0F181-4360-DB8D-F7B0-9D39F11BC702}.Debug|Any CPU.ActiveCfg = Debug|Any CPU
		{DDD0F181-4360-DB8D-F7B0-9D39F11BC702}.Debug|Any CPU.Build.0 = Debug|Any CPU
		{DDD0F181-4360-DB8D-F7B0-9D39F11BC702}.Release|Any CPU.ActiveCfg = Release|Any CPU
		{DDD0F181-4360-DB8D-F7B0-9D39F11BC702}.Release|Any CPU.Build.0 = Release|Any CPU
		{885ACF79-8A1B-8CA7-7A81-82C5BD2158C5}.Debug|Any CPU.ActiveCfg = Debug|Any CPU
		{885ACF79-8A1B-8CA7-7A81-82C5BD2158C5}.Debug|Any CPU.Build.0 = Debug|Any CPU
		{885ACF79-8A1B-8CA7-7A81-82C5BD2158C5}.Release|Any CPU.ActiveCfg = Release|Any CPU
		{885ACF79-8A1B-8CA7-7A81-82C5BD2158C5}.Release|Any CPU.Build.0 = Release|Any CPU
		{431F3047-888A-01AC-D0B7-9D440A36F047}.Debug|Any CPU.ActiveCfg = Debug|Any CPU
		{431F3047-888A-01AC-D0B7-9D440A36F047}.Debug|Any CPU.Build.0 = Debug|Any CPU
		{431F3047-888A-01AC-D0B7-9D440A36F047}.Release|Any CPU.ActiveCfg = Release|Any CPU
		{431F3047-888A-01AC-D0B7-9D440A36F047}.Release|Any CPU.Build.0 = Release|Any CPU
		{6BCAFECD-5E80-64B4-1DFD-A685E045DF99}.Debug|Any CPU.ActiveCfg = Debug|Any CPU
		{6BCAFECD-5E80-64B4-1DFD-A685E045DF99}.Debug|Any CPU.Build.0 = Debug|Any CPU
		{6BCAFECD-5E80-64B4-1DFD-A685E045DF99}.Release|Any CPU.ActiveCfg = Release|Any CPU
		{6BCAFECD-5E80-64B4-1DFD-A685E045DF99}.Release|Any CPU.Build.0 = Release|Any CPU
		{122F823F-B661-9839-3588-6DA3FB3C3762}.Debug|Any CPU.ActiveCfg = Debug|Any CPU
		{122F823F-B661-9839-3588-6DA3FB3C3762}.Debug|Any CPU.Build.0 = Debug|Any CPU
		{122F823F-B661-9839-3588-6DA3FB3C3762}.Release|Any CPU.ActiveCfg = Release|Any CPU
		{122F823F-B661-9839-3588-6DA3FB3C3762}.Release|Any CPU.Build.0 = Release|Any CPU
		{A398895D-EEDB-25E8-3434-DEC348A0B62B}.Debug|Any CPU.ActiveCfg = Debug|Any CPU
		{A398895D-EEDB-25E8-3434-DEC348A0B62B}.Debug|Any CPU.Build.0 = Debug|Any CPU
		{A398895D-EEDB-25E8-3434-DEC348A0B62B}.Release|Any CPU.ActiveCfg = Release|Any CPU
		{A398895D-EEDB-25E8-3434-DEC348A0B62B}.Release|Any CPU.Build.0 = Release|Any CPU
		{F00CA717-07AE-4DF5-1286-CBD4F39DCD58}.Debug|Any CPU.ActiveCfg = Debug|Any CPU
		{F00CA717-07AE-4DF5-1286-CBD4F39DCD58}.Debug|Any CPU.Build.0 = Debug|Any CPU
		{F00CA717-07AE-4DF5-1286-CBD4F39DCD58}.Release|Any CPU.ActiveCfg = Release|Any CPU
		{F00CA717-07AE-4DF5-1286-CBD4F39DCD58}.Release|Any CPU.Build.0 = Release|Any CPU
		{541EC074-499C-4387-D602-1DB263195908}.Debug|Any CPU.ActiveCfg = Debug|Any CPU
		{541EC074-499C-4387-D602-1DB263195908}.Debug|Any CPU.Build.0 = Debug|Any CPU
		{541EC074-499C-4387-D602-1DB263195908}.Release|Any CPU.ActiveCfg = Release|Any CPU
		{541EC074-499C-4387-D602-1DB263195908}.Release|Any CPU.Build.0 = Release|Any CPU
		{E0CF6A98-C93F-42F8-79F3-32016F496B03}.Debug|Any CPU.ActiveCfg = Debug|Any CPU
		{E0CF6A98-C93F-42F8-79F3-32016F496B03}.Debug|Any CPU.Build.0 = Debug|Any CPU
		{E0CF6A98-C93F-42F8-79F3-32016F496B03}.Release|Any CPU.ActiveCfg = Release|Any CPU
		{E0CF6A98-C93F-42F8-79F3-32016F496B03}.Release|Any CPU.Build.0 = Release|Any CPU
		{58E72F26-BF80-8DDA-6BBD-AA9AACC2F584}.Debug|Any CPU.ActiveCfg = Debug|Any CPU
		{58E72F26-BF80-8DDA-6BBD-AA9AACC2F584}.Debug|Any CPU.Build.0 = Debug|Any CPU
		{58E72F26-BF80-8DDA-6BBD-AA9AACC2F584}.Release|Any CPU.ActiveCfg = Release|Any CPU
		{58E72F26-BF80-8DDA-6BBD-AA9AACC2F584}.Release|Any CPU.Build.0 = Release|Any CPU
		{E93D2022-7710-1CF5-7AA0-DEA61207A2F3}.Debug|Any CPU.ActiveCfg = Debug|Any CPU
		{E93D2022-7710-1CF5-7AA0-DEA61207A2F3}.Debug|Any CPU.Build.0 = Debug|Any CPU
		{E93D2022-7710-1CF5-7AA0-DEA61207A2F3}.Release|Any CPU.ActiveCfg = Release|Any CPU
		{E93D2022-7710-1CF5-7AA0-DEA61207A2F3}.Release|Any CPU.Build.0 = Release|Any CPU
		{E9AE1897-B92A-3A48-DB31-C7B3102D787E}.Debug|Any CPU.ActiveCfg = Debug|Any CPU
		{E9AE1897-B92A-3A48-DB31-C7B3102D787E}.Debug|Any CPU.Build.0 = Debug|Any CPU
		{E9AE1897-B92A-3A48-DB31-C7B3102D787E}.Release|Any CPU.ActiveCfg = Release|Any CPU
		{E9AE1897-B92A-3A48-DB31-C7B3102D787E}.Release|Any CPU.Build.0 = Release|Any CPU
		{25CA8101-37B7-D1E1-20A5-8A9103524F2E}.Debug|Any CPU.ActiveCfg = Debug|Any CPU
		{25CA8101-37B7-D1E1-20A5-8A9103524F2E}.Debug|Any CPU.Build.0 = Debug|Any CPU
		{25CA8101-37B7-D1E1-20A5-8A9103524F2E}.Release|Any CPU.ActiveCfg = Release|Any CPU
		{25CA8101-37B7-D1E1-20A5-8A9103524F2E}.Release|Any CPU.Build.0 = Release|Any CPU
		{0C35F66F-EA73-1AB7-F307-559FB4AECDD4}.Debug|Any CPU.ActiveCfg = Debug|Any CPU
		{0C35F66F-EA73-1AB7-F307-559FB4AECDD4}.Debug|Any CPU.Build.0 = Debug|Any CPU
		{0C35F66F-EA73-1AB7-F307-559FB4AECDD4}.Release|Any CPU.ActiveCfg = Release|Any CPU
		{0C35F66F-EA73-1AB7-F307-559FB4AECDD4}.Release|Any CPU.Build.0 = Release|Any CPU
		{C6DB2463-A913-803A-3D3B-23BAF49B478A}.Debug|Any CPU.ActiveCfg = Debug|Any CPU
		{C6DB2463-A913-803A-3D3B-23BAF49B478A}.Debug|Any CPU.Build.0 = Debug|Any CPU
		{C6DB2463-A913-803A-3D3B-23BAF49B478A}.Release|Any CPU.ActiveCfg = Release|Any CPU
		{C6DB2463-A913-803A-3D3B-23BAF49B478A}.Release|Any CPU.Build.0 = Release|Any CPU
	EndGlobalSection
	GlobalSection(SolutionProperties) = preSolution
		HideSolutionNode = FALSE
	EndGlobalSection
EndGlobal
